
Microsoft Visual Studio Solution File, Format Version 12.00
# Visual Studio Version 17
VisualStudioVersion = 17.4.33205.214
MinimumVisualStudioVersion = 10.0.40219.1
Project("{888888A0-9F3D-457C-B088-3A5042F75D52}") = "Pandas", "Pandas.pyproj", "{7666B16B-03D2-474B-A1AE-1210EDD2C193}"
EndProject
Global
	GlobalSection(SolutionConfigurationPlatforms) = preSolution
		Debug|Any CPU = Debug|Any CPU
		Release|Any CPU = Release|Any CPU
	EndGlobalSection
	GlobalSection(ProjectConfigurationPlatforms) = postSolution
		{7666B16B-03D2-474B-A1AE-1210EDD2C193}.Debug|Any CPU.ActiveCfg = Debug|Any CPU
		{7666B16B-03D2-474B-A1AE-1210EDD2C193}.Release|Any CPU.ActiveCfg = Release|Any CPU
	EndGlobalSection
	GlobalSection(SolutionProperties) = preSolution
		HideSolutionNode = FALSE
	EndGlobalSection
	GlobalSection(ExtensibilityGlobals) = postSolution
		SolutionGuid = {7C19D753-D234-4672-ACE0-0B8984174D01}
	EndGlobalSection
EndGlobal
